
Microsoft Visual Studio Solution File, Format Version 12.00
# Visual Studio Version 17
VisualStudioVersion = 17.11.35017.193
MinimumVisualStudioVersion = 10.0.40219.1
Project("{9A19103F-16F7-4668-BE54-9A1E7A4F7556}") = "Function.SDK.CSharp", "src\Function.SDK.CSharp\Function.SDK.CSharp.csproj", "{D69DA423-50E2-404F-8E5F-2D011CAB7C08}"
EndProject
Project("{2150E333-8FDC-42A3-9474-1A3956D46DE8}") = "Solution Items", "Solution Items", "{8EC462FD-D22E-90A8-E5CE-7E832BA40C5D}"
	ProjectSection(SolutionItems) = preProject
		.editorconfig = .editorconfig
		.github\workflows\cicd.yml = .github\workflows\cicd.yml
		example\composition.yaml = example\composition.yaml
		example\functions.yaml = example\functions.yaml
		global.json = global.json
		README.md = README.md
		example\xr.yaml = example\xr.yaml
	EndProjectSection
EndProject
Project("{FAE04EC0-301F-11D3-BF4B-00C04F79EFBC}") = "Function.SDK.CSharp.SourceGenerator", "src\Function.SDK.CSharp.SourceGenerator\Function.SDK.CSharp.SourceGenerator.csproj", "{78CA6808-7D0E-09E1-E1A2-7F22CB63C5EC}"
EndProject
Project("{FAE04EC0-301F-11D3-BF4B-00C04F79EFBC}") = "Function.SDK.CSharp.Sample", "src\Function.SDK.CSharp.Sample\Function.SDK.CSharp.Sample.csproj", "{FF67A964-B6B3-ECE8-39BE-40E9DB0DE130}"
EndProject
Project("{FAE04EC0-301F-11D3-BF4B-00C04F79EFBC}") = "Function.SDK.CSharp.Tests", "tests\Function.SDK.CSharp.Tests\Function.SDK.CSharp.Tests.csproj", "{A10CEF3D-9AB6-B90A-4CE0-253C7B6A8298}"
EndProject
Project("{FAE04EC0-301F-11D3-BF4B-00C04F79EFBC}") = "Function.SDK.CSharp.Sample.Tests", "tests\Function.SDK.CSharp.Sample.Tests\Function.SDK.CSharp.Sample.Tests.csproj", "{43BACAF0-F142-312C-E41C-D31724947C67}"
EndProject
Global
	GlobalSection(SolutionConfigurationPlatforms) = preSolution
		Debug|Any CPU = Debug|Any CPU
		Release|Any CPU = Release|Any CPU
	EndGlobalSection
	GlobalSection(ProjectConfigurationPlatforms) = postSolution
		{D69DA423-50E2-404F-8E5F-2D011CAB7C08}.Debug|Any CPU.ActiveCfg = Debug|Any CPU
		{D69DA423-50E2-404F-8E5F-2D011CAB7C08}.Debug|Any CPU.Build.0 = Debug|Any CPU
		{D69DA423-50E2-404F-8E5F-2D011CAB7C08}.Release|Any CPU.ActiveCfg = Release|Any CPU
		{D69DA423-50E2-404F-8E5F-2D011CAB7C08}.Release|Any CPU.Build.0 = Release|Any CPU
		{78CA6808-7D0E-09E1-E1A2-7F22CB63C5EC}.Debug|Any CPU.ActiveCfg = Debug|Any CPU
		{78CA6808-7D0E-09E1-E1A2-7F22CB63C5EC}.Debug|Any CPU.Build.0 = Debug|Any CPU
		{78CA6808-7D0E-09E1-E1A2-7F22CB63C5EC}.Release|Any CPU.ActiveCfg = Release|Any CPU
		{78CA6808-7D0E-09E1-E1A2-7F22CB63C5EC}.Release|Any CPU.Build.0 = Release|Any CPU
		{FF67A964-B6B3-ECE8-39BE-40E9DB0DE130}.Debug|Any CPU.ActiveCfg = Debug|Any CPU
		{FF67A964-B6B3-ECE8-39BE-40E9DB0DE130}.Debug|Any CPU.Build.0 = Debug|Any CPU
		{FF67A964-B6B3-ECE8-39BE-40E9DB0DE130}.Release|Any CPU.ActiveCfg = Release|Any CPU
		{FF67A964-B6B3-ECE8-39BE-40E9DB0DE130}.Release|Any CPU.Build.0 = Release|Any CPU
		{A10CEF3D-9AB6-B90A-4CE0-253C7B6A8298}.Debug|Any CPU.ActiveCfg = Debug|Any CPU
		{A10CEF3D-9AB6-B90A-4CE0-253C7B6A8298}.Debug|Any CPU.Build.0 = Debug|Any CPU
		{A10CEF3D-9AB6-B90A-4CE0-253C7B6A8298}.Release|Any CPU.ActiveCfg = Release|Any CPU
		{A10CEF3D-9AB6-B90A-4CE0-253C7B6A8298}.Release|Any CPU.Build.0 = Release|Any CPU
		{43BACAF0-F142-312C-E41C-D31724947C67}.Debug|Any CPU.ActiveCfg = Debug|Any CPU
		{43BACAF0-F142-312C-E41C-D31724947C67}.Debug|Any CPU.Build.0 = Debug|Any CPU
		{43BACAF0-F142-312C-E41C-D31724947C67}.Release|Any CPU.ActiveCfg = Release|Any CPU
		{43BACAF0-F142-312C-E41C-D31724947C67}.Release|Any CPU.Build.0 = Release|Any CPU
	EndGlobalSection
	GlobalSection(SolutionProperties) = preSolution
		HideSolutionNode = FALSE
	EndGlobalSection
	GlobalSection(ExtensibilityGlobals) = postSolution
		SolutionGuid = {591FD27B-E8D0-4608-89A6-F39E4EEEF489}
	EndGlobalSection
EndGlobal
