<Solution>
  <Folder Name="/Solution Items/">
    <File Path=".editorconfig" />
    <File Path=".github/workflows/cicd.yml" />
    <File Path="global.json" />
    <File Path="README.md" />
  </Folder>
  <Folder Name="/src/">
    <Project Path="src/Function.SDK.CSharp.SourceGenerator/Function.SDK.CSharp.SourceGenerator.csproj" />
    <Project Path="src/Function.SDK.CSharp/Function.SDK.CSharp.csproj" />
  </Folder>
  <Folder Name="/tests/">
    <Project Path="tests/Function.SDK.CSharp.Tests/Function.SDK.CSharp.Tests.csproj" />
  </Folder>
</Solution>
